
Microsoft Visual Studio Solution File, Format Version 12.00
# Visual Studio Version 17
VisualStudioVersion = 17.9.34714.143
MinimumVisualStudioVersion = 10.0.40219.1
Project("{FAE04EC0-301F-11D3-BF4B-00C04F79EFBC}") = "Database B tree", "Database B tree.csproj", "{B9D8E89B-DC5D-4F60-A756-B1D42F3F2652}"
EndProject
Global
	GlobalSection(SolutionConfigurationPlatforms) = preSolution
		Debug|Any CPU = Debug|Any CPU
		Release|Any CPU = Release|Any CPU
	EndGlobalSection
	GlobalSection(ProjectConfigurationPlatforms) = postSolution
		{B9D8E89B-DC5D-4F60-A756-B1D42F3F2652}.Debug|Any CPU.ActiveCfg = Debug|Any CPU
		{B9D8E89B-DC5D-4F60-A756-B1D42F3F2652}.Debug|Any CPU.Build.0 = Debug|Any CPU
		{B9D8E89B-DC5D-4F60-A756-B1D42F3F2652}.Release|Any CPU.ActiveCfg = Release|Any CPU
		{B9D8E89B-DC5D-4F60-A756-B1D42F3F2652}.Release|Any CPU.Build.0 = Release|Any CPU
	EndGlobalSection
	GlobalSection(SolutionProperties) = preSolution
		HideSolutionNode = FALSE
	EndGlobalSection
	GlobalSection(ExtensibilityGlobals) = postSolution
		SolutionGuid = {B830659B-3415-450C-BDDD-03F0D3543FB0}
	EndGlobalSection
EndGlobal
